Microsoft Visual Studio Solution File, Format Version 11.00
# Visual Studio 2008

Project("{E30592FF-E649-B858-6FF8-49C4B6A8896F}") = "LandMarksOculus", "Assembly-CSharp.csproj", "{7B685BEF-D90B-A4F4-59D4-541CFA36C44A}"
EndProject
Project("{E30592FF-E649-B858-6FF8-49C4B6A8896F}") = "LandMarksOculus", "Assembly-CSharp-Editor.csproj", "{5F344B63-CB36-8F27-D52E-A77DA49BD9F8}"
EndProject
Project("{E30592FF-E649-B858-6FF8-49C4B6A8896F}") = "LandMarksOculus", "Assembly-UnityScript.unityproj", "{AFE331C0-8B7E-6D87-919D-8C3C55C7B86C}"
EndProject
Global
	GlobalSection(SolutionConfigurationPlatforms) = preSolution
		Debug|Any CPU = Debug|Any CPU
		Release|Any CPU = Release|Any CPU
	EndGlobalSection
	GlobalSection(ProjectConfigurationPlatforms) = postSolution
		{7B685BEF-D90B-A4F4-59D4-541CFA36C44A}.Debug|Any CPU.ActiveCfg = Debug|Any CPU
		{7B685BEF-D90B-A4F4-59D4-541CFA36C44A}.Debug|Any CPU.Build.0 = Debug|Any CPU
		{7B685BEF-D90B-A4F4-59D4-541CFA36C44A}.Release|Any CPU.ActiveCfg = Release|Any CPU
		{7B685BEF-D90B-A4F4-59D4-541CFA36C44A}.Release|Any CPU.Build.0 = Release|Any CPU
		{5F344B63-CB36-8F27-D52E-A77DA49BD9F8}.Debug|Any CPU.ActiveCfg = Debug|Any CPU
		{5F344B63-CB36-8F27-D52E-A77DA49BD9F8}.Debug|Any CPU.Build.0 = Debug|Any CPU
		{5F344B63-CB36-8F27-D52E-A77DA49BD9F8}.Release|Any CPU.ActiveCfg = Release|Any CPU
		{5F344B63-CB36-8F27-D52E-A77DA49BD9F8}.Release|Any CPU.Build.0 = Release|Any CPU
		{AFE331C0-8B7E-6D87-919D-8C3C55C7B86C}.Debug|Any CPU.ActiveCfg = Debug|Any CPU
		{AFE331C0-8B7E-6D87-919D-8C3C55C7B86C}.Debug|Any CPU.Build.0 = Debug|Any CPU
		{AFE331C0-8B7E-6D87-919D-8C3C55C7B86C}.Release|Any CPU.ActiveCfg = Release|Any CPU
		{AFE331C0-8B7E-6D87-919D-8C3C55C7B86C}.Release|Any CPU.Build.0 = Release|Any CPU
	EndGlobalSection
	GlobalSection(SolutionProperties) = preSolution
		HideSolutionNode = FALSE
	EndGlobalSection
																																																																	GlobalSection(MonoDevelopProperties) = preSolution
		StartupItem = Assembly-CSharp.csproj
		Policies = $0
		$0.TextStylePolicy = $1
		$1.inheritsSet = null
		$1.scope = text/x-csharp
		$0.CSharpFormattingPolicy = $2
		$2.inheritsSet = Mono
		$2.inheritsScope = text/x-csharp
		$2.scope = text/x-csharp
		$0.TextStylePolicy = $3
		$3.FileWidth = 120
		$3.TabWidth = 4
		$3.IndentWidth = 4
		$3.EolMarker = Unix
		$3.inheritsSet = Mono
		$3.inheritsScope = text/plain
		$3.scope = text/plain
	EndGlobalSection

EndGlobal
