Microsoft Visual Studio Solution File, Format Version 11.00
# Visual Studio 2008

Project("{0666565D-BECB-F928-D0DB-824E9828C439}") = "LandmarksOculus", "Assembly-CSharp.csproj", "{1B648E18-4E0F-69C4-9782-8465743D9FBA}"
EndProject
Project("{0666565D-BECB-F928-D0DB-824E9828C439}") = "LandmarksOculus", "Assembly-CSharp-Editor.csproj", "{66F2ABE6-4F36-F7DB-DA63-59BE2B6D8137}"
EndProject
Project("{0666565D-BECB-F928-D0DB-824E9828C439}") = "LandmarksOculus", "Assembly-UnityScript.unityproj", "{BFD963F8-9AB1-2DF1-AA92-444C2877F0AA}"
EndProject
Global
	GlobalSection(SolutionConfigurationPlatforms) = preSolution
		Debug|Any CPU = Debug|Any CPU
		Release|Any CPU = Release|Any CPU
	EndGlobalSection
	GlobalSection(ProjectConfigurationPlatforms) = postSolution
		{1B648E18-4E0F-69C4-9782-8465743D9FBA}.Debug|Any CPU.ActiveCfg = Debug|Any CPU
		{1B648E18-4E0F-69C4-9782-8465743D9FBA}.Debug|Any CPU.Build.0 = Debug|Any CPU
		{1B648E18-4E0F-69C4-9782-8465743D9FBA}.Release|Any CPU.ActiveCfg = Release|Any CPU
		{1B648E18-4E0F-69C4-9782-8465743D9FBA}.Release|Any CPU.Build.0 = Release|Any CPU
		{66F2ABE6-4F36-F7DB-DA63-59BE2B6D8137}.Debug|Any CPU.ActiveCfg = Debug|Any CPU
		{66F2ABE6-4F36-F7DB-DA63-59BE2B6D8137}.Debug|Any CPU.Build.0 = Debug|Any CPU
		{66F2ABE6-4F36-F7DB-DA63-59BE2B6D8137}.Release|Any CPU.ActiveCfg = Release|Any CPU
		{66F2ABE6-4F36-F7DB-DA63-59BE2B6D8137}.Release|Any CPU.Build.0 = Release|Any CPU
		{BFD963F8-9AB1-2DF1-AA92-444C2877F0AA}.Debug|Any CPU.ActiveCfg = Debug|Any CPU
		{BFD963F8-9AB1-2DF1-AA92-444C2877F0AA}.Debug|Any CPU.Build.0 = Debug|Any CPU
		{BFD963F8-9AB1-2DF1-AA92-444C2877F0AA}.Release|Any CPU.ActiveCfg = Release|Any CPU
		{BFD963F8-9AB1-2DF1-AA92-444C2877F0AA}.Release|Any CPU.Build.0 = Release|Any CPU
	EndGlobalSection
	GlobalSection(SolutionProperties) = preSolution
		HideSolutionNode = FALSE
	EndGlobalSection
																														GlobalSection(MonoDevelopProperties) = preSolution
		StartupItem = Assembly-CSharp.csproj
		Policies = $0
		$0.TextStylePolicy = $1
		$1.inheritsSet = null
		$1.scope = text/x-csharp
		$0.CSharpFormattingPolicy = $2
		$2.inheritsSet = Mono
		$2.inheritsScope = text/x-csharp
		$2.scope = text/x-csharp
		$0.TextStylePolicy = $3
		$3.FileWidth = 120
		$3.TabWidth = 4
		$3.IndentWidth = 4
		$3.EolMarker = Unix
		$3.inheritsSet = Mono
		$3.inheritsScope = text/plain
		$3.scope = text/plain
	EndGlobalSection

EndGlobal
